
Microsoft Visual Studio Solution File, Format Version 12.00
# Visual Studio Version 17
VisualStudioVersion = 17.8.34525.116
MinimumVisualStudioVersion = 10.0.40219.1
Project("{FAE04EC0-301F-11D3-BF4B-00C04F79EFBC}") = "MangementApi", "MangementApi.csproj", "{7795FEC7-5A8C-456D-BB03-F260161CA64E}"
EndProject
Global
	GlobalSection(SolutionConfigurationPlatforms) = preSolution
		Debug|Any CPU = Debug|Any CPU
		Release|Any CPU = Release|Any CPU
	EndGlobalSection
	GlobalSection(ProjectConfigurationPlatforms) = postSolution
		{7795FEC7-5A8C-456D-BB03-F260161CA64E}.Debug|Any CPU.ActiveCfg = Debug|Any CPU
		{7795FEC7-5A8C-456D-BB03-F260161CA64E}.Debug|Any CPU.Build.0 = Debug|Any CPU
		{7795FEC7-5A8C-456D-BB03-F260161CA64E}.Release|Any CPU.ActiveCfg = Release|Any CPU
		{7795FEC7-5A8C-456D-BB03-F260161CA64E}.Release|Any CPU.Build.0 = Release|Any CPU
	EndGlobalSection
	GlobalSection(SolutionProperties) = preSolution
		HideSolutionNode = FALSE
	EndGlobalSection
	GlobalSection(ExtensibilityGlobals) = postSolution
		SolutionGuid = {F049C5A7-8839-4439-A50C-D73086C89BE5}
	EndGlobalSection
EndGlobal
